
Microsoft Visual Studio Solution File, Format Version 12.00
# Visual Studio 2012
Project("{FAE04EC0-301F-11D3-BF4B-00C04F79EFBC}") = "RockProcessing", "RockProcessing\RockProcessing.csproj", "{74F396A9-F110-432C-808C-BA6165596C7B}"
EndProject
Global
	GlobalSection(SolutionConfigurationPlatforms) = preSolution
		Debug|Any CPU = Debug|Any CPU
		Release|Any CPU = Release|Any CPU
	EndGlobalSection
	GlobalSection(ProjectConfigurationPlatforms) = postSolution
		{74F396A9-F110-432C-808C-BA6165596C7B}.Debug|Any CPU.ActiveCfg = Debug|Any CPU
		{74F396A9-F110-432C-808C-BA6165596C7B}.Debug|Any CPU.Build.0 = Debug|Any CPU
		{74F396A9-F110-432C-808C-BA6165596C7B}.Release|Any CPU.ActiveCfg = Release|Any CPU
		{74F396A9-F110-432C-808C-BA6165596C7B}.Release|Any CPU.Build.0 = Release|Any CPU
	EndGlobalSection
	GlobalSection(SolutionProperties) = preSolution
		HideSolutionNode = FALSE
	EndGlobalSection
EndGlobal
