
Microsoft Visual Studio Solution File, Format Version 12.00
# Visual Studio 2012
Project("{2150E333-8FDC-42A3-9474-1A3956D46DE8}") = "src", "src", "{9CA4C6A8-3EE1-42FA-9B44-0A9E6D19FDA4}"
EndProject
Project("{2150E333-8FDC-42A3-9474-1A3956D46DE8}") = "test", "test", "{D2888CDC-0DD0-464D-A892-6FFC51EF9193}"
EndProject
Project("{FAE04EC0-301F-11D3-BF4B-00C04F79EFBC}") = "RockProcessing.Test", "RockProcessing.Test\RockProcessing.Test.csproj", "{A8629FF9-1CD0-492E-B8E8-C0448AFFFFE8}"
EndProject
Project("{FAE04EC0-301F-11D3-BF4B-00C04F79EFBC}") = "RockProcessing.Model", "RockProcessing.Model\RockProcessing.Model.csproj", "{F80F21F8-198F-4020-94BB-7174961130EA}"
EndProject
Global
	GlobalSection(SolutionConfigurationPlatforms) = preSolution
		Debug|Any CPU = Debug|Any CPU
		Release|Any CPU = Release|Any CPU
	EndGlobalSection
	GlobalSection(ProjectConfigurationPlatforms) = postSolution
		{A8629FF9-1CD0-492E-B8E8-C0448AFFFFE8}.Debug|Any CPU.ActiveCfg = Debug|Any CPU
		{A8629FF9-1CD0-492E-B8E8-C0448AFFFFE8}.Debug|Any CPU.Build.0 = Debug|Any CPU
		{A8629FF9-1CD0-492E-B8E8-C0448AFFFFE8}.Release|Any CPU.ActiveCfg = Release|Any CPU
		{A8629FF9-1CD0-492E-B8E8-C0448AFFFFE8}.Release|Any CPU.Build.0 = Release|Any CPU
		{F80F21F8-198F-4020-94BB-7174961130EA}.Debug|Any CPU.ActiveCfg = Debug|Any CPU
		{F80F21F8-198F-4020-94BB-7174961130EA}.Debug|Any CPU.Build.0 = Debug|Any CPU
		{F80F21F8-198F-4020-94BB-7174961130EA}.Release|Any CPU.ActiveCfg = Release|Any CPU
		{F80F21F8-198F-4020-94BB-7174961130EA}.Release|Any CPU.Build.0 = Release|Any CPU
	EndGlobalSection
	GlobalSection(SolutionProperties) = preSolution
		HideSolutionNode = FALSE
	EndGlobalSection
	GlobalSection(NestedProjects) = preSolution
		{F80F21F8-198F-4020-94BB-7174961130EA} = {9CA4C6A8-3EE1-42FA-9B44-0A9E6D19FDA4}
		{A8629FF9-1CD0-492E-B8E8-C0448AFFFFE8} = {D2888CDC-0DD0-464D-A892-6FFC51EF9193}
	EndGlobalSection
EndGlobal
